
Microsoft Visual Studio Solution File, Format Version 12.00
# Visual Studio 15
VisualStudioVersion = 15.0.27004.2006
MinimumVisualStudioVersion = 10.0.40219.1
Project("{FAE04EC0-301F-11D3-BF4B-00C04F79EFBC}") = "5_Group", "5_Group\5_Group.csproj", "{9A16F561-9C5B-4E38-99A3-D673BA0C3F54}"
EndProject
Global
	GlobalSection(SolutionConfigurationPlatforms) = preSolution
		Debug|Any CPU = Debug|Any CPU
		Release|Any CPU = Release|Any CPU
	EndGlobalSection
	GlobalSection(ProjectConfigurationPlatforms) = postSolution
		{9A16F561-9C5B-4E38-99A3-D673BA0C3F54}.Debug|Any CPU.ActiveCfg = Debug|Any CPU
		{9A16F561-9C5B-4E38-99A3-D673BA0C3F54}.Debug|Any CPU.Build.0 = Debug|Any CPU
		{9A16F561-9C5B-4E38-99A3-D673BA0C3F54}.Release|Any CPU.ActiveCfg = Release|Any CPU
		{9A16F561-9C5B-4E38-99A3-D673BA0C3F54}.Release|Any CPU.Build.0 = Release|Any CPU
	EndGlobalSection
	GlobalSection(SolutionProperties) = preSolution
		HideSolutionNode = FALSE
	EndGlobalSection
	GlobalSection(ExtensibilityGlobals) = postSolution
		SolutionGuid = {C6A24D95-BA32-4AFF-A43F-9DD7498CAAA9}
	EndGlobalSection
EndGlobal
