
Microsoft Visual Studio Solution File, Format Version 12.00
# Visual Studio 14
VisualStudioVersion = 14.0.24720.0
MinimumVisualStudioVersion = 10.0.40219.1
Project("{FAE04EC0-301F-11D3-BF4B-00C04F79EFBC}") = "CollectionInitSyntax", "CollectionInitSyntax\CollectionInitSyntax.csproj", "{AE79D3FE-E0E3-4D0B-88E7-37506A550CBA}"
EndProject
Global
	GlobalSection(SolutionConfigurationPlatforms) = preSolution
		Debug|Any CPU = Debug|Any CPU
		Release|Any CPU = Release|Any CPU
	EndGlobalSection
	GlobalSection(ProjectConfigurationPlatforms) = postSolution
		{AE79D3FE-E0E3-4D0B-88E7-37506A550CBA}.Debug|Any CPU.ActiveCfg = Debug|Any CPU
		{AE79D3FE-E0E3-4D0B-88E7-37506A550CBA}.Debug|Any CPU.Build.0 = Debug|Any CPU
		{AE79D3FE-E0E3-4D0B-88E7-37506A550CBA}.Release|Any CPU.ActiveCfg = Release|Any CPU
		{AE79D3FE-E0E3-4D0B-88E7-37506A550CBA}.Release|Any CPU.Build.0 = Release|Any CPU
	EndGlobalSection
	GlobalSection(SolutionProperties) = preSolution
		HideSolutionNode = FALSE
	EndGlobalSection
EndGlobal
