
Microsoft Visual Studio Solution File, Format Version 12.00
# Visual Studio 15
VisualStudioVersion = 15.0.27428.1
MinimumVisualStudioVersion = 10.0.40219.1
Project("{FAE04EC0-301F-11D3-BF4B-00C04F79EFBC}") = "06.UnitType", "06.UnitType\06.UnitType.csproj", "{F39C044E-32B9-41F9-98D2-61770A443EAC}"
EndProject
Global
	GlobalSection(SolutionConfigurationPlatforms) = preSolution
		Debug|Any CPU = Debug|Any CPU
		Release|Any CPU = Release|Any CPU
	EndGlobalSection
	GlobalSection(ProjectConfigurationPlatforms) = postSolution
		{F39C044E-32B9-41F9-98D2-61770A443EAC}.Debug|Any CPU.ActiveCfg = Debug|Any CPU
		{F39C044E-32B9-41F9-98D2-61770A443EAC}.Debug|Any CPU.Build.0 = Debug|Any CPU
		{F39C044E-32B9-41F9-98D2-61770A443EAC}.Release|Any CPU.ActiveCfg = Release|Any CPU
		{F39C044E-32B9-41F9-98D2-61770A443EAC}.Release|Any CPU.Build.0 = Release|Any CPU
	EndGlobalSection
	GlobalSection(SolutionProperties) = preSolution
		HideSolutionNode = FALSE
	EndGlobalSection
	GlobalSection(ExtensibilityGlobals) = postSolution
		SolutionGuid = {89FAA9B9-8B65-48E1-B66A-8D377371393F}
	EndGlobalSection
EndGlobal
