
Microsoft Visual Studio Solution File, Format Version 12.00
# Visual Studio Version 16
VisualStudioVersion = 16.0.28803.202
MinimumVisualStudioVersion = 10.0.40219.1
Project("{FAE04EC0-301F-11D3-BF4B-00C04F79EFBC}") = "AsynchronousStream", "AsynchronousStream\AsynchronousStream.csproj", "{291F0C15-22CF-48B4-B04D-1995A7711B38}"
EndProject
Global
	GlobalSection(SolutionConfigurationPlatforms) = preSolution
		Debug|Any CPU = Debug|Any CPU
		Release|Any CPU = Release|Any CPU
	EndGlobalSection
	GlobalSection(ProjectConfigurationPlatforms) = postSolution
		{291F0C15-22CF-48B4-B04D-1995A7711B38}.Debug|Any CPU.ActiveCfg = Debug|Any CPU
		{291F0C15-22CF-48B4-B04D-1995A7711B38}.Debug|Any CPU.Build.0 = Debug|Any CPU
		{291F0C15-22CF-48B4-B04D-1995A7711B38}.Release|Any CPU.ActiveCfg = Release|Any CPU
		{291F0C15-22CF-48B4-B04D-1995A7711B38}.Release|Any CPU.Build.0 = Release|Any CPU
	EndGlobalSection
	GlobalSection(SolutionProperties) = preSolution
		HideSolutionNode = FALSE
	EndGlobalSection
	GlobalSection(ExtensibilityGlobals) = postSolution
		SolutionGuid = {D410D99F-FFC7-43BA-8382-9C40F0FA57A7}
	EndGlobalSection
EndGlobal
