
Microsoft Visual Studio Solution File, Format Version 12.00
# Visual Studio 15
VisualStudioVersion = 15.0.27004.2005
MinimumVisualStudioVersion = 10.0.40219.1
Project("{FAE04EC0-301F-11D3-BF4B-00C04F79EFBC}") = "Where", "Where\Where.csproj", "{A3720796-0F5B-45A5-AF1E-791D780DE90C}"
EndProject
Global
	GlobalSection(SolutionConfigurationPlatforms) = preSolution
		Debug|Any CPU = Debug|Any CPU
		Release|Any CPU = Release|Any CPU
	EndGlobalSection
	GlobalSection(ProjectConfigurationPlatforms) = postSolution
		{A3720796-0F5B-45A5-AF1E-791D780DE90C}.Debug|Any CPU.ActiveCfg = Debug|Any CPU
		{A3720796-0F5B-45A5-AF1E-791D780DE90C}.Debug|Any CPU.Build.0 = Debug|Any CPU
		{A3720796-0F5B-45A5-AF1E-791D780DE90C}.Release|Any CPU.ActiveCfg = Release|Any CPU
		{A3720796-0F5B-45A5-AF1E-791D780DE90C}.Release|Any CPU.Build.0 = Release|Any CPU
	EndGlobalSection
	GlobalSection(SolutionProperties) = preSolution
		HideSolutionNode = FALSE
	EndGlobalSection
	GlobalSection(ExtensibilityGlobals) = postSolution
		SolutionGuid = {3D97D22C-53B0-462D-BE23-71CBEA55C9F1}
	EndGlobalSection
EndGlobal
