
Microsoft Visual Studio Solution File, Format Version 12.00
# Visual Studio 14
VisualStudioVersion = 14.0.24720.0
MinimumVisualStudioVersion = 10.0.40219.1
Project("{FAE04EC0-301F-11D3-BF4B-00C04F79EFBC}") = "LateBindingWithDynamic", "LateBindingWithDynamic\LateBindingWithDynamic.csproj", "{D369E7C6-998D-433E-A4FA-C29A2AE86CDE}"
EndProject
Global
	GlobalSection(SolutionConfigurationPlatforms) = preSolution
		Debug|Any CPU = Debug|Any CPU
		Release|Any CPU = Release|Any CPU
	EndGlobalSection
	GlobalSection(ProjectConfigurationPlatforms) = postSolution
		{D369E7C6-998D-433E-A4FA-C29A2AE86CDE}.Debug|Any CPU.ActiveCfg = Debug|Any CPU
		{D369E7C6-998D-433E-A4FA-C29A2AE86CDE}.Debug|Any CPU.Build.0 = Debug|Any CPU
		{D369E7C6-998D-433E-A4FA-C29A2AE86CDE}.Release|Any CPU.ActiveCfg = Release|Any CPU
		{D369E7C6-998D-433E-A4FA-C29A2AE86CDE}.Release|Any CPU.Build.0 = Release|Any CPU
	EndGlobalSection
	GlobalSection(SolutionProperties) = preSolution
		HideSolutionNode = FALSE
	EndGlobalSection
EndGlobal
