
Microsoft Visual Studio Solution File, Format Version 12.00
# Visual Studio Version 16
VisualStudioVersion = 16.0.28803.156
MinimumVisualStudioVersion = 10.0.40219.1
Project("{FAE04EC0-301F-11D3-BF4B-00C04F79EFBC}") = "NullableRefType", "NullableRefType\NullableRefType.csproj", "{28C554A0-0BC1-4061-AEBD-9D1CD2F02710}"
EndProject
Global
	GlobalSection(SolutionConfigurationPlatforms) = preSolution
		Debug|Any CPU = Debug|Any CPU
		Release|Any CPU = Release|Any CPU
	EndGlobalSection
	GlobalSection(ProjectConfigurationPlatforms) = postSolution
		{28C554A0-0BC1-4061-AEBD-9D1CD2F02710}.Debug|Any CPU.ActiveCfg = Debug|Any CPU
		{28C554A0-0BC1-4061-AEBD-9D1CD2F02710}.Debug|Any CPU.Build.0 = Debug|Any CPU
		{28C554A0-0BC1-4061-AEBD-9D1CD2F02710}.Release|Any CPU.ActiveCfg = Release|Any CPU
		{28C554A0-0BC1-4061-AEBD-9D1CD2F02710}.Release|Any CPU.Build.0 = Release|Any CPU
	EndGlobalSection
	GlobalSection(SolutionProperties) = preSolution
		HideSolutionNode = FALSE
	EndGlobalSection
	GlobalSection(ExtensibilityGlobals) = postSolution
		SolutionGuid = {23308AC5-2CD5-42A1-9271-C9CB3FC0E453}
	EndGlobalSection
EndGlobal
