
Microsoft Visual Studio Solution File, Format Version 12.00
# Visual Studio 15
VisualStudioVersion = 15.0.27004.2009
MinimumVisualStudioVersion = 10.0.40219.1
Project("{FAE04EC0-301F-11D3-BF4B-00C04F79EFBC}") = "MainAndGeneralised", "MainAndGeneralised\MainAndGeneralised.csproj", "{F14954E2-14C1-461C-A721-82C015551492}"
EndProject
Global
	GlobalSection(SolutionConfigurationPlatforms) = preSolution
		Debug|Any CPU = Debug|Any CPU
		Release|Any CPU = Release|Any CPU
	EndGlobalSection
	GlobalSection(ProjectConfigurationPlatforms) = postSolution
		{F14954E2-14C1-461C-A721-82C015551492}.Debug|Any CPU.ActiveCfg = Debug|Any CPU
		{F14954E2-14C1-461C-A721-82C015551492}.Debug|Any CPU.Build.0 = Debug|Any CPU
		{F14954E2-14C1-461C-A721-82C015551492}.Release|Any CPU.ActiveCfg = Release|Any CPU
		{F14954E2-14C1-461C-A721-82C015551492}.Release|Any CPU.Build.0 = Release|Any CPU
	EndGlobalSection
	GlobalSection(SolutionProperties) = preSolution
		HideSolutionNode = FALSE
	EndGlobalSection
	GlobalSection(ExtensibilityGlobals) = postSolution
		SolutionGuid = {9FDAAEB8-FACB-4FF0-ABE2-7E585F408709}
	EndGlobalSection
EndGlobal
