
Microsoft Visual Studio Solution File, Format Version 12.00
# Visual Studio 15
VisualStudioVersion = 15.0.27004.2006
MinimumVisualStudioVersion = 10.0.40219.1
Project("{FAE04EC0-301F-11D3-BF4B-00C04F79EFBC}") = "8_Elements", "8_Elements\8_Elements.csproj", "{099DC77D-B8AF-4722-9E8A-CE2AA20ED4C6}"
EndProject
Global
	GlobalSection(SolutionConfigurationPlatforms) = preSolution
		Debug|Any CPU = Debug|Any CPU
		Release|Any CPU = Release|Any CPU
	EndGlobalSection
	GlobalSection(ProjectConfigurationPlatforms) = postSolution
		{099DC77D-B8AF-4722-9E8A-CE2AA20ED4C6}.Debug|Any CPU.ActiveCfg = Debug|Any CPU
		{099DC77D-B8AF-4722-9E8A-CE2AA20ED4C6}.Debug|Any CPU.Build.0 = Debug|Any CPU
		{099DC77D-B8AF-4722-9E8A-CE2AA20ED4C6}.Release|Any CPU.ActiveCfg = Release|Any CPU
		{099DC77D-B8AF-4722-9E8A-CE2AA20ED4C6}.Release|Any CPU.Build.0 = Release|Any CPU
	EndGlobalSection
	GlobalSection(SolutionProperties) = preSolution
		HideSolutionNode = FALSE
	EndGlobalSection
	GlobalSection(ExtensibilityGlobals) = postSolution
		SolutionGuid = {6C8E5F18-F6D5-4F40-8889-C3BB76BE72CD}
	EndGlobalSection
EndGlobal
