
Microsoft Visual Studio Solution File, Format Version 12.00
# Visual Studio 15
VisualStudioVersion = 15.0.27428.2002
MinimumVisualStudioVersion = 10.0.40219.1
Project("{FAE04EC0-301F-11D3-BF4B-00C04F79EFBC}") = "10.PartialAndCurry", "10.PartialAndCurry\10.PartialAndCurry.csproj", "{08869FA4-3332-4206-A259-FC90300C6998}"
EndProject
Global
	GlobalSection(SolutionConfigurationPlatforms) = preSolution
		Debug|Any CPU = Debug|Any CPU
		Release|Any CPU = Release|Any CPU
	EndGlobalSection
	GlobalSection(ProjectConfigurationPlatforms) = postSolution
		{08869FA4-3332-4206-A259-FC90300C6998}.Debug|Any CPU.ActiveCfg = Debug|Any CPU
		{08869FA4-3332-4206-A259-FC90300C6998}.Debug|Any CPU.Build.0 = Debug|Any CPU
		{08869FA4-3332-4206-A259-FC90300C6998}.Release|Any CPU.ActiveCfg = Release|Any CPU
		{08869FA4-3332-4206-A259-FC90300C6998}.Release|Any CPU.Build.0 = Release|Any CPU
	EndGlobalSection
	GlobalSection(SolutionProperties) = preSolution
		HideSolutionNode = FALSE
	EndGlobalSection
	GlobalSection(ExtensibilityGlobals) = postSolution
		SolutionGuid = {044C083C-FC10-4E2F-B952-17C5F2E32692}
	EndGlobalSection
EndGlobal
